{
  "version": 4,
  "terraform_version": "1.12.2",
  "serial": 6,
  "lineage": "545774e9-c291-6bfe-4d84-858b25f5e82a",
  "outputs": {
    "all_fqdns": {
      "value": [
        "marketing-marketing-web-0.ru-central1.internal",
        "analytics-analytics-web-0.ru-central1.internal"
      ],
      "type": [
        "tuple",
        [
          "string",
          "string"
        ]
      ]
    },
    "analytics_fqdn": {
      "value": [
        "analytics-analytics-web-0.ru-central1.internal"
      ],
      "type": [
        "tuple",
        [
          "string"
        ]
      ]
    },
    "marketing_fqdn": {
      "value": [
        "marketing-marketing-web-0.ru-central1.internal"
      ],
      "type": [
        "tuple",
        [
          "string"
        ]
      ]
    }
  },
  "resources": [
    {
      "mode": "data",
      "type": "template_file",
      "name": "cloudinit",
      "provider": "provider[\"registry.terraform.io/hashicorp/template\"]",
      "instances": [
        {
          "schema_version": 0,
          "attributes": {
            "filename": null,
            "id": "ab8ccac50a124a4b9a7d981eef4e6d7ebb5a3aa16c0100b538de9746b19a796a",
            "rendered": "#cloud-config\r\nusers:\r\n  - name: ubuntu\r\n    groups: sudo\r\n    shell: /bin/bash\r\n    sudo: [\"ALL=(ALL) NOPASSWD:ALL\"]\r\n    ssh_authorized_keys:\r\n      - ssh-rsa AAAAB3NzaC1yc2EAAAADAQABAAABAQCxec8dbkHtU8RwGq9SAm+1U0n1GbQvtavv83lsp1CsRajPpXKk08kA3HP/nVqIWQK1kV0wVWxTmQUG3nqUrUx/IVqwM2OGlfRKXjny8i6X6AZPTSu6hikVd4872OMHdCATqiUc5j0yBdWTxBCk+p4lOmY6gYQ4+W78UEmLEW4qxt9Xuud9nxOV4S5pKytYDzmKh/mRvGKElYzbTJJl9KBqL8V9r4yab/X4dcys3eHOPzWa7pGYmINbpiFGEjZix+rap0T/PoXt1Fjd12G0YvmBjZ6OBic7a+D+HLA2yzXJUAxru/FNy9MP7Q6AcjORpQIYebqBjuUt/Iv+xD3fxYpz\r\n\r\npackage_update: true\r\npackage_upgrade: false\r\npackages:\r\n  - vim\r\n  - nginx\r\n\r\nruncmd:\r\n  - systemctl enable nginx\r\n  - systemctl start nginx\r\n",
            "template": "#cloud-config\r\nusers:\r\n  - name: ubuntu\r\n    groups: sudo\r\n    shell: /bin/bash\r\n    sudo: [\"ALL=(ALL) NOPASSWD:ALL\"]\r\n    ssh_authorized_keys:\r\n      - ${ssh_key}\r\n\r\npackage_update: true\r\npackage_upgrade: false\r\npackages:\r\n  - vim\r\n  - nginx\r\n\r\nruncmd:\r\n  - systemctl enable nginx\r\n  - systemctl start nginx\r\n",
            "vars": {
              "ssh_key": "ssh-rsa AAAAB3NzaC1yc2EAAAADAQABAAABAQCxec8dbkHtU8RwGq9SAm+1U0n1GbQvtavv83lsp1CsRajPpXKk08kA3HP/nVqIWQK1kV0wVWxTmQUG3nqUrUx/IVqwM2OGlfRKXjny8i6X6AZPTSu6hikVd4872OMHdCATqiUc5j0yBdWTxBCk+p4lOmY6gYQ4+W78UEmLEW4qxt9Xuud9nxOV4S5pKytYDzmKh/mRvGKElYzbTJJl9KBqL8V9r4yab/X4dcys3eHOPzWa7pGYmINbpiFGEjZix+rap0T/PoXt1Fjd12G0YvmBjZ6OBic7a+D+HLA2yzXJUAxru/FNy9MP7Q6AcjORpQIYebqBjuUt/Iv+xD3fxYpz"
            }
          },
          "sensitive_attributes": [],
          "identity_schema_version": 0
        }
      ]
    },
    {
      "mode": "managed",
      "type": "yandex_vpc_network",
      "name": "develop",
      "provider": "provider[\"registry.terraform.io/yandex-cloud/yandex\"]",
      "instances": [
        {
          "schema_version": 0,
          "attributes": {
            "created_at": "2025-11-10T08:21:44Z",
            "default_security_group_id": "enpaslsjovvf5e8vr19e",
            "description": "",
            "folder_id": "b1g37fp3h2bmj9dcj58t",
            "id": "enpe1tk639p6f5b7p4ke",
            "labels": {},
            "name": "develop",
            "subnet_ids": [],
            "timeouts": null
          },
          "sensitive_attributes": [],
          "identity_schema_version": 0,
          "private": "eyJlMmJmYjczMC1lY2FhLTExZTYtOGY4OC0zNDM2M2JjN2M0YzAiOnsiY3JlYXRlIjo2MDAwMDAwMDAwMCwiZGVsZXRlIjo2MDAwMDAwMDAwMCwidXBkYXRlIjo2MDAwMDAwMDAwMH19"
        }
      ]
    },
    {
      "mode": "managed",
      "type": "yandex_vpc_subnet",
      "name": "develop_a",
      "provider": "provider[\"registry.terraform.io/yandex-cloud/yandex\"]",
      "instances": [
        {
          "schema_version": 0,
          "attributes": {
            "created_at": "2025-11-10T08:21:47Z",
            "description": "",
            "dhcp_options": [],
            "folder_id": "b1g37fp3h2bmj9dcj58t",
            "id": "e9b913lc4u3kfuavgbet",
            "labels": {},
            "name": "develop-ru-central1-a",
            "network_id": "enpe1tk639p6f5b7p4ke",
            "route_table_id": "",
            "timeouts": null,
            "v4_cidr_blocks": [
              "10.0.1.0/24"
            ],
            "v6_cidr_blocks": [],
            "zone": "ru-central1-a"
          },
          "sensitive_attributes": [],
          "identity_schema_version": 0,
          "private": "eyJlMmJmYjczMC1lY2FhLTExZTYtOGY4OC0zNDM2M2JjN2M0YzAiOnsiY3JlYXRlIjoxODAwMDAwMDAwMDAsImRlbGV0ZSI6MTgwMDAwMDAwMDAwLCJ1cGRhdGUiOjE4MDAwMDAwMDAwMH19",
          "dependencies": [
            "yandex_vpc_network.develop"
          ]
        }
      ]
    },
    {
      "mode": "managed",
      "type": "yandex_vpc_subnet",
      "name": "develop_b",
      "provider": "provider[\"registry.terraform.io/yandex-cloud/yandex\"]",
      "instances": [
        {
          "schema_version": 0,
          "attributes": {
            "created_at": "2025-11-10T08:21:47Z",
            "description": "",
            "dhcp_options": [],
            "folder_id": "b1g37fp3h2bmj9dcj58t",
            "id": "e2l3u3j07d978rpheb6j",
            "labels": {},
            "name": "develop-ru-central1-b",
            "network_id": "enpe1tk639p6f5b7p4ke",
            "route_table_id": "",
            "timeouts": null,
            "v4_cidr_blocks": [
              "10.0.2.0/24"
            ],
            "v6_cidr_blocks": [],
            "zone": "ru-central1-b"
          },
          "sensitive_attributes": [],
          "identity_schema_version": 0,
          "private": "eyJlMmJmYjczMC1lY2FhLTExZTYtOGY4OC0zNDM2M2JjN2M0YzAiOnsiY3JlYXRlIjoxODAwMDAwMDAwMDAsImRlbGV0ZSI6MTgwMDAwMDAwMDAwLCJ1cGRhdGUiOjE4MDAwMDAwMDAwMH19",
          "dependencies": [
            "yandex_vpc_network.develop"
          ]
        }
      ]
    },
    {
      "module": "module.analytics_vm",
      "mode": "data",
      "type": "yandex_compute_image",
      "name": "my_image",
      "provider": "provider[\"registry.terraform.io/yandex-cloud/yandex\"]",
      "instances": [
        {
          "schema_version": 0,
          "attributes": {
            "created_at": "2025-11-03T11:08:35Z",
            "description": "Ubuntu 20.04 lts v20251031011229",
            "family": "ubuntu-2004-lts",
            "folder_id": "standard-images",
            "hardware_generation": [
              {
                "generation2_features": [],
                "legacy_features": [
                  {
                    "pci_topology": "PCI_TOPOLOGY_V2"
                  }
                ]
              }
            ],
            "id": "fd8aji3edmigm2tnjfg5",
            "image_id": "fd8aji3edmigm2tnjfg5",
            "kms_key_id": null,
            "labels": {
              "version": "20251031011229"
            },
            "min_disk_size": 5,
            "name": "ubuntu-20-04-lts-v20251103",
            "os_type": "linux",
            "pooled": true,
            "product_ids": [
              "f2evj8vccupqtnnkm506"
            ],
            "size": 2,
            "status": "ready"
          },
          "sensitive_attributes": [],
          "identity_schema_version": 0
        }
      ]
    },
    {
      "module": "module.analytics_vm",
      "mode": "managed",
      "type": "yandex_compute_instance",
      "name": "vm",
      "provider": "provider[\"registry.terraform.io/yandex-cloud/yandex\"]",
      "instances": [
        {
          "index_key": 0,
          "schema_version": 1,
          "attributes": {
            "allow_recreate": null,
            "allow_stopping_for_update": true,
            "boot_disk": [
              {
                "auto_delete": true,
                "device_name": "epda1nkq5bnnjrvm9rf2",
                "disk_id": "epda1nkq5bnnjrvm9rf2",
                "initialize_params": [
                  {
                    "block_size": 4096,
                    "description": "",
                    "image_id": "fd8aji3edmigm2tnjfg5",
                    "kms_key_id": "",
                    "name": "",
                    "size": 10,
                    "snapshot_id": "",
                    "type": "network-hdd"
                  }
                ],
                "mode": "READ_WRITE"
              }
            ],
            "created_at": "2025-11-10T08:21:58Z",
            "description": "TODO: description; {{terraform yyy managed}}",
            "filesystem": [],
            "folder_id": "b1g37fp3h2bmj9dcj58t",
            "fqdn": "analytics-analytics-web-0.ru-central1.internal",
            "gpu_cluster_id": "",
            "hardware_generation": [
              {
                "generation2_features": [],
                "legacy_features": [
                  {
                    "pci_topology": "PCI_TOPOLOGY_V2"
                  }
                ]
              }
            ],
            "hostname": "analytics-analytics-web-0",
            "id": "epdhg5861i4kq2codm47",
            "labels": {
              "owner": "team_analytics",
              "project": "analytics"
            },
            "local_disk": [],
            "maintenance_grace_period": "",
            "maintenance_policy": null,
            "metadata": {
              "serial-port-enable": "1",
              "user-data": "#cloud-config\r\nusers:\r\n  - name: ubuntu\r\n    groups: sudo\r\n    shell: /bin/bash\r\n    sudo: [\"ALL=(ALL) NOPASSWD:ALL\"]\r\n    ssh_authorized_keys:\r\n      - ssh-rsa AAAAB3NzaC1yc2EAAAADAQABAAABAQCxec8dbkHtU8RwGq9SAm+1U0n1GbQvtavv83lsp1CsRajPpXKk08kA3HP/nVqIWQK1kV0wVWxTmQUG3nqUrUx/IVqwM2OGlfRKXjny8i6X6AZPTSu6hikVd4872OMHdCATqiUc5j0yBdWTxBCk+p4lOmY6gYQ4+W78UEmLEW4qxt9Xuud9nxOV4S5pKytYDzmKh/mRvGKElYzbTJJl9KBqL8V9r4yab/X4dcys3eHOPzWa7pGYmINbpiFGEjZix+rap0T/PoXt1Fjd12G0YvmBjZ6OBic7a+D+HLA2yzXJUAxru/FNy9MP7Q6AcjORpQIYebqBjuUt/Iv+xD3fxYpz\r\n\r\npackage_update: true\r\npackage_upgrade: false\r\npackages:\r\n  - vim\r\n  - nginx\r\n\r\nruncmd:\r\n  - systemctl enable nginx\r\n  - systemctl start nginx\r\n"
            },
            "metadata_options": [
              {
                "aws_v1_http_endpoint": 1,
                "aws_v1_http_token": 2,
                "gce_http_endpoint": 1,
                "gce_http_token": 1
              }
            ],
            "name": "analytics-analytics-web-0",
            "network_acceleration_type": "standard",
            "network_interface": [
              {
                "dns_record": [],
                "index": 0,
                "ip_address": "10.0.2.7",
                "ipv4": true,
                "ipv6": false,
                "ipv6_address": "",
                "ipv6_dns_record": [],
                "mac_address": "d0:0d:11:81:50:60",
                "nat": true,
                "nat_dns_record": [],
                "nat_ip_address": "158.160.2.124",
                "nat_ip_version": "IPV4",
                "security_group_ids": null,
                "subnet_id": "e2l3u3j07d978rpheb6j"
              }
            ],
            "placement_policy": [
              {
                "host_affinity_rules": [],
                "placement_group_id": "",
                "placement_group_partition": 0
              }
            ],
            "platform_id": "standard-v1",
            "resources": [
              {
                "core_fraction": 5,
                "cores": 2,
                "gpus": 0,
                "memory": 1
              }
            ],
            "scheduling_policy": [
              {
                "preemptible": true
              }
            ],
            "secondary_disk": [],
            "service_account_id": "",
            "status": "running",
            "timeouts": null,
            "zone": "ru-central1-b"
          },
          "sensitive_attributes": [],
          "identity_schema_version": 0,
          "private": "eyJlMmJmYjczMC1lY2FhLTExZTYtOGY4OC0zNDM2M2JjN2M0YzAiOnsiY3JlYXRlIjozMDAwMDAwMDAwMDAsImRlbGV0ZSI6MzAwMDAwMDAwMDAwLCJ1cGRhdGUiOjMwMDAwMDAwMDAwMH0sInNjaGVtYV92ZXJzaW9uIjoiMSJ9",
          "dependencies": [
            "data.template_file.cloudinit",
            "module.analytics_vm.data.yandex_compute_image.my_image",
            "yandex_vpc_network.develop",
            "yandex_vpc_subnet.develop_b"
          ]
        }
      ]
    },
    {
      "module": "module.marketing_vm",
      "mode": "data",
      "type": "yandex_compute_image",
      "name": "my_image",
      "provider": "provider[\"registry.terraform.io/yandex-cloud/yandex\"]",
      "instances": [
        {
          "schema_version": 0,
          "attributes": {
            "created_at": "2025-11-03T11:08:35Z",
            "description": "Ubuntu 20.04 lts v20251031011229",
            "family": "ubuntu-2004-lts",
            "folder_id": "standard-images",
            "hardware_generation": [
              {
                "generation2_features": [],
                "legacy_features": [
                  {
                    "pci_topology": "PCI_TOPOLOGY_V2"
                  }
                ]
              }
            ],
            "id": "fd8aji3edmigm2tnjfg5",
            "image_id": "fd8aji3edmigm2tnjfg5",
            "kms_key_id": null,
            "labels": {
              "version": "20251031011229"
            },
            "min_disk_size": 5,
            "name": "ubuntu-20-04-lts-v20251103",
            "os_type": "linux",
            "pooled": true,
            "product_ids": [
              "f2evj8vccupqtnnkm506"
            ],
            "size": 2,
            "status": "ready"
          },
          "sensitive_attributes": [],
          "identity_schema_version": 0
        }
      ]
    },
    {
      "module": "module.marketing_vm",
      "mode": "managed",
      "type": "yandex_compute_instance",
      "name": "vm",
      "provider": "provider[\"registry.terraform.io/yandex-cloud/yandex\"]",
      "instances": [
        {
          "index_key": 0,
          "schema_version": 1,
          "attributes": {
            "allow_recreate": null,
            "allow_stopping_for_update": true,
            "boot_disk": [
              {
                "auto_delete": true,
                "device_name": "fhm4pfme0u5otkns4la9",
                "disk_id": "fhm4pfme0u5otkns4la9",
                "initialize_params": [
                  {
                    "block_size": 4096,
                    "description": "",
                    "image_id": "fd8aji3edmigm2tnjfg5",
                    "kms_key_id": "",
                    "name": "",
                    "size": 10,
                    "snapshot_id": "",
                    "type": "network-hdd"
                  }
                ],
                "mode": "READ_WRITE"
              }
            ],
            "created_at": "2025-11-10T08:21:58Z",
            "description": "TODO: description; {{terraform yyy managed}}",
            "filesystem": [],
            "folder_id": "b1g37fp3h2bmj9dcj58t",
            "fqdn": "marketing-marketing-web-0.ru-central1.internal",
            "gpu_cluster_id": "",
            "hardware_generation": [
              {
                "generation2_features": [],
                "legacy_features": [
                  {
                    "pci_topology": "PCI_TOPOLOGY_V2"
                  }
                ]
              }
            ],
            "hostname": "marketing-marketing-web-0",
            "id": "fhmt66qi2p7a5i70dmf8",
            "labels": {
              "owner": "team_marketing",
              "project": "marketing"
            },
            "local_disk": [],
            "maintenance_grace_period": "",
            "maintenance_policy": null,
            "metadata": {
              "serial-port-enable": "1",
              "user-data": "#cloud-config\r\nusers:\r\n  - name: ubuntu\r\n    groups: sudo\r\n    shell: /bin/bash\r\n    sudo: [\"ALL=(ALL) NOPASSWD:ALL\"]\r\n    ssh_authorized_keys:\r\n      - ssh-rsa AAAAB3NzaC1yc2EAAAADAQABAAABAQCxec8dbkHtU8RwGq9SAm+1U0n1GbQvtavv83lsp1CsRajPpXKk08kA3HP/nVqIWQK1kV0wVWxTmQUG3nqUrUx/IVqwM2OGlfRKXjny8i6X6AZPTSu6hikVd4872OMHdCATqiUc5j0yBdWTxBCk+p4lOmY6gYQ4+W78UEmLEW4qxt9Xuud9nxOV4S5pKytYDzmKh/mRvGKElYzbTJJl9KBqL8V9r4yab/X4dcys3eHOPzWa7pGYmINbpiFGEjZix+rap0T/PoXt1Fjd12G0YvmBjZ6OBic7a+D+HLA2yzXJUAxru/FNy9MP7Q6AcjORpQIYebqBjuUt/Iv+xD3fxYpz\r\n\r\npackage_update: true\r\npackage_upgrade: false\r\npackages:\r\n  - vim\r\n  - nginx\r\n\r\nruncmd:\r\n  - systemctl enable nginx\r\n  - systemctl start nginx\r\n"
            },
            "metadata_options": [
              {
                "aws_v1_http_endpoint": 1,
                "aws_v1_http_token": 2,
                "gce_http_endpoint": 1,
                "gce_http_token": 1
              }
            ],
            "name": "marketing-marketing-web-0",
            "network_acceleration_type": "standard",
            "network_interface": [
              {
                "dns_record": [],
                "index": 0,
                "ip_address": "10.0.1.13",
                "ipv4": true,
                "ipv6": false,
                "ipv6_address": "",
                "ipv6_dns_record": [],
                "mac_address": "d0:0d:1d:31:b5:21",
                "nat": true,
                "nat_dns_record": [],
                "nat_ip_address": "51.250.86.239",
                "nat_ip_version": "IPV4",
                "security_group_ids": null,
                "subnet_id": "e9b913lc4u3kfuavgbet"
              }
            ],
            "placement_policy": [
              {
                "host_affinity_rules": [],
                "placement_group_id": "",
                "placement_group_partition": 0
              }
            ],
            "platform_id": "standard-v1",
            "resources": [
              {
                "core_fraction": 5,
                "cores": 2,
                "gpus": 0,
                "memory": 1
              }
            ],
            "scheduling_policy": [
              {
                "preemptible": true
              }
            ],
            "secondary_disk": [],
            "service_account_id": "",
            "status": "running",
            "timeouts": null,
            "zone": "ru-central1-a"
          },
          "sensitive_attributes": [],
          "identity_schema_version": 0,
          "private": "eyJlMmJmYjczMC1lY2FhLTExZTYtOGY4OC0zNDM2M2JjN2M0YzAiOnsiY3JlYXRlIjozMDAwMDAwMDAwMDAsImRlbGV0ZSI6MzAwMDAwMDAwMDAwLCJ1cGRhdGUiOjMwMDAwMDAwMDAwMH0sInNjaGVtYV92ZXJzaW9uIjoiMSJ9",
          "dependencies": [
            "data.template_file.cloudinit",
            "module.marketing_vm.data.yandex_compute_image.my_image",
            "yandex_vpc_network.develop",
            "yandex_vpc_subnet.develop_a"
          ]
        }
      ]
    }
  ],
  "check_results": [
    {
      "object_kind": "var",
      "config_addr": "module.analytics_vm.var.platform",
      "status": "pass",
      "objects": [
        {
          "object_addr": "module.analytics_vm.var.platform",
          "status": "pass"
        }
      ]
    },
    {
      "object_kind": "var",
      "config_addr": "module.marketing_vm.var.platform",
      "status": "pass",
      "objects": [
        {
          "object_addr": "module.marketing_vm.var.platform",
          "status": "pass"
        }
      ]
    }
  ]
}
